// !$*UTF8*$!
{
	archiveVersion = 1;
	classes = {
	};
	objectVersion = 50;
	objects = {

/* Begin PBXBuildFile section */
		050A4DE025F639F800EEBCC6 /* LetterPad.xib in Resources */ = {isa = PBXBuildFile; fileRef = 050A4DD825F639F800EEBCC6 /* LetterPad.xib */; };
		050A4DE125F639F800EEBCC6 /* LetterPad.swift in Sources */ = {isa = PBXBuildFile; fileRef = 050A4DD925F639F800EEBCC6 /* LetterPad.swift */; };
		050A4DE225F639F800EEBCC6 /* NumberLetterPadLetterPad.swift in Sources */ = {isa = PBXBuildFile; fileRef = 050A4DDB25F639F800EEBCC6 /* NumberLetterPadLetterPad.swift */; };
		050A4DE325F639F800EEBCC6 /* NumberLetterPad.xib in Resources */ = {isa = PBXBuildFile; fileRef = 050A4DDC25F639F800EEBCC6 /* NumberLetterPad.xib */; };
		050A4DE425F639F800EEBCC6 /* UpperLetterPad.xib in Resources */ = {isa = PBXBuildFile; fileRef = 050A4DDE25F639F800EEBCC6 /* UpperLetterPad.xib */; };
		050A4DE525F639F800EEBCC6 /* UpperLetterPad.swift in Sources */ = {isa = PBXBuildFile; fileRef = 050A4DDF25F639F800EEBCC6 /* UpperLetterPad.swift */; };
		050A4DF425F64C2800EEBCC6 /* AddressEditController.swift in Sources */ = {isa = PBXBuildFile; fileRef = 050A4DF325F64C2800EEBCC6 /* AddressEditController.swift */; };
		0541BC442595EDA8001CFC11 /* HomeSelectionCell.swift in Sources */ = {isa = PBXBuildFile; fileRef = 0541BC422595EDA8001CFC11 /* HomeSelectionCell.swift */; };
		0541BC452595EDA8001CFC11 /* HomeSelectionCell.xib in Resources */ = {isa = PBXBuildFile; fileRef = 0541BC432595EDA8001CFC11 /* HomeSelectionCell.xib */; };
		0541BC6D259669B5001CFC11 /* customAlerts.xib in Resources */ = {isa = PBXBuildFile; fileRef = 0541BC6C259669B5001CFC11 /* customAlerts.xib */; };
		0541BC72259669CF001CFC11 /* customAlerts.swift in Sources */ = {isa = PBXBuildFile; fileRef = 0541BC71259669CF001CFC11 /* customAlerts.swift */; };
		05444C6625EA505200ED379C /* RetailModel.xcdatamodeld in Sources */ = {isa = PBXBuildFile; fileRef = 05444C6425EA505200ED379C /* RetailModel.xcdatamodeld */; };
		0545682825CAC5FA001F3CBE /* RetailSelectionCell.swift in Sources */ = {isa = PBXBuildFile; fileRef = 0545682725CAC5FA001F3CBE /* RetailSelectionCell.swift */; };
		0545FCE525F887D3002C7CF3 /* HomeScreenController.swift in Sources */ = {isa = PBXBuildFile; fileRef = 0545FCE425F887D3002C7CF3 /* HomeScreenController.swift */; };
		054729EF25F0E4CD00071283 /* RegistrationController.swift in Sources */ = {isa = PBXBuildFile; fileRef = 054729EE25F0E4CD00071283 /* RegistrationController.swift */; };
		05472A0725F116DD00071283 /* CustomMobRegisterScreen.swift in Sources */ = {isa = PBXBuildFile; fileRef = 05472A0625F116DD00071283 /* CustomMobRegisterScreen.swift */; };
		05472A0F25F117EC00071283 /* CustomMobRegisterScreen.xib in Resources */ = {isa = PBXBuildFile; fileRef = 05472A0E25F117EC00071283 /* CustomMobRegisterScreen.xib */; };
		054759AD2595214300CE8659 /* HelperClass.swift in Sources */ = {isa = PBXBuildFile; fileRef = 054759AC2595214300CE8659 /* HelperClass.swift */; };
		054FEFDA25E7DC9C00773359 /* ViewController2.swift in Sources */ = {isa = PBXBuildFile; fileRef = 054FEFD925E7DC9C00773359 /* ViewController2.swift */; };
		0551C1A225E3C034002C4490 /* CustomAddressEdit.xib in Resources */ = {isa = PBXBuildFile; fileRef = 0551C1A125E3C034002C4490 /* CustomAddressEdit.xib */; };
		0551C1A725E3C061002C4490 /* CustomAddressEdit.swift in Sources */ = {isa = PBXBuildFile; fileRef = 0551C1A625E3C061002C4490 /* CustomAddressEdit.swift */; };
		0552441525D3933D00C06041 /* ModelToGetHomeDetails.swift in Sources */ = {isa = PBXBuildFile; fileRef = 0552441425D3933D00C06041 /* ModelToGetHomeDetails.swift */; };
		0552441A25D3934A00C06041 /* HomeControllerViewModel.swift in Sources */ = {isa = PBXBuildFile; fileRef = 0552441925D3934A00C06041 /* HomeControllerViewModel.swift */; };
		0552442F25D446BC00C06041 /* open-sans in Resources */ = {isa = PBXBuildFile; fileRef = 0552442E25D446BC00C06041 /* open-sans */; };
		0555227D25CAACA50034518D /* RetailSelectionModel.swift in Sources */ = {isa = PBXBuildFile; fileRef = 0555227C25CAACA50034518D /* RetailSelectionModel.swift */; };
		0555228525CAACBB0034518D /* RetailSelectionViewModel.swift in Sources */ = {isa = PBXBuildFile; fileRef = 0555228425CAACBB0034518D /* RetailSelectionViewModel.swift */; };
		0555228D25CAAF000034518D /* RetailSelectionController.swift in Sources */ = {isa = PBXBuildFile; fileRef = 0555228C25CAAF000034518D /* RetailSelectionController.swift */; };
		0571C75D25FA502E00D31E43 /* FetchRetailController.swift in Sources */ = {isa = PBXBuildFile; fileRef = 0571C75C25FA502E00D31E43 /* FetchRetailController.swift */; };
		057E348D25C8059F00CE6EFD /* ServiceClass.swift in Sources */ = {isa = PBXBuildFile; fileRef = 057E348C25C8059F00CE6EFD /* ServiceClass.swift */; };
		057E349D25C8140900CE6EFD /* SplashModel.swift in Sources */ = {isa = PBXBuildFile; fileRef = 057E349C25C8140900CE6EFD /* SplashModel.swift */; };
		057E34A225C816F300CE6EFD /* SplashViewModel.swift in Sources */ = {isa = PBXBuildFile; fileRef = 057E34A125C816F300CE6EFD /* SplashViewModel.swift */; };
		1AD50B6EDE72583D971C5C22 /* Pods_RetailEcoSTests.framework in Frameworks */ = {isa = PBXBuildFile; fileRef = D38AFB372A81FE71D7A0CA08 /* Pods_RetailEcoSTests.framework */; };
		38AC2E9BF5D6DE60E449DD3C /* Pods_RetailEcoS_RetailEcoSUITests.framework in Frameworks */ = {isa = PBXBuildFile; fileRef = A9C39EF200C8BBA8791ED0B5 /* Pods_RetailEcoS_RetailEcoSUITests.framework */; };
		7607D648258326E40062F77E /* AppDelegate.swift in Sources */ = {isa = PBXBuildFile; fileRef = 7607D647258326E40062F77E /* AppDelegate.swift */; };
		7607D64F258326E40062F77E /* Main.storyboard in Resources */ = {isa = PBXBuildFile; fileRef = 7607D64D258326E40062F77E /* Main.storyboard */; };
		7607D651258326E70062F77E /* Assets.xcassets in Resources */ = {isa = PBXBuildFile; fileRef = 7607D650258326E70062F77E /* Assets.xcassets */; };
		7607D654258326E70062F77E /* LaunchScreen.storyboard in Resources */ = {isa = PBXBuildFile; fileRef = 7607D652258326E70062F77E /* LaunchScreen.storyboard */; };
		7607D65F258326E70062F77E /* RetailEcoSTests.swift in Sources */ = {isa = PBXBuildFile; fileRef = 7607D65E258326E70062F77E /* RetailEcoSTests.swift */; };
		7607D66A258326E70062F77E /* RetailEcoSUITests.swift in Sources */ = {isa = PBXBuildFile; fileRef = 7607D669258326E70062F77E /* RetailEcoSUITests.swift */; };
		761C02DD258385BE00EE863F /* HomeSelectionListController.swift in Sources */ = {isa = PBXBuildFile; fileRef = 761C02DC258385BE00EE863F /* HomeSelectionListController.swift */; };
		761C02F42583879700EE863F /* LoginController.swift in Sources */ = {isa = PBXBuildFile; fileRef = 761C02F32583879700EE863F /* LoginController.swift */; };
		B9420A9725B2B31A00C1ACF8 /* SplashController.swift in Sources */ = {isa = PBXBuildFile; fileRef = B9420A9625B2B31A00C1ACF8 /* SplashController.swift */; };
		D7851E4F711919B6AC8E7C91 /* Pods_RetailEcoS.framework in Frameworks */ = {isa = PBXBuildFile; fileRef = E3D3B4B4639A1532FB84710D /* Pods_RetailEcoS.framework */; };
/* End PBXBuildFile section */

/* Begin PBXContainerItemProxy section */
		7607D65B258326E70062F77E /* PBXContainerItemProxy */ = {
			isa = PBXContainerItemProxy;
			containerPortal = 7607D63C258326E30062F77E /* Project object */;
			proxyType = 1;
			remoteGlobalIDString = 7607D643258326E30062F77E;
			remoteInfo = RetailEcoS;
		};
		7607D666258326E70062F77E /* PBXContainerItemProxy */ = {
			isa = PBXContainerItemProxy;
			containerPortal = 7607D63C258326E30062F77E /* Project object */;
			proxyType = 1;
			remoteGlobalIDString = 7607D643258326E30062F77E;
			remoteInfo = RetailEcoS;
		};
/* End PBXContainerItemProxy section */

/* Begin PBXFileReference section */
		050A4DD825F639F800EEBCC6 /* LetterPad.xib */ = {isa = PBXFileReference; fileEncoding = 4; lastKnownFileType = file.xib; path = LetterPad.xib; sourceTree = "<group>"; };
		050A4DD925F639F800EEBCC6 /* LetterPad.swift */ = {isa = PBXFileReference; fileEncoding = 4; lastKnownFileType = sourcecode.swift; path = LetterPad.swift; sourceTree = "<group>"; };
		050A4DDB25F639F800EEBCC6 /* NumberLetterPadLetterPad.swift */ = {isa = PBXFileReference; fileEncoding = 4; lastKnownFileType = sourcecode.swift; path = NumberLetterPadLetterPad.swift; sourceTree = "<group>"; };
		050A4DDC25F639F800EEBCC6 /* NumberLetterPad.xib */ = {isa = PBXFileReference; fileEncoding = 4; lastKnownFileType = file.xib; path = NumberLetterPad.xib; sourceTree = "<group>"; };
		050A4DDE25F639F800EEBCC6 /* UpperLetterPad.xib */ = {isa = PBXFileReference; fileEncoding = 4; lastKnownFileType = file.xib; path = UpperLetterPad.xib; sourceTree = "<group>"; };
		050A4DDF25F639F800EEBCC6 /* UpperLetterPad.swift */ = {isa = PBXFileReference; fileEncoding = 4; lastKnownFileType = sourcecode.swift; path = UpperLetterPad.swift; sourceTree = "<group>"; };
		050A4DF325F64C2800EEBCC6 /* AddressEditController.swift */ = {isa = PBXFileReference; lastKnownFileType = sourcecode.swift; path = AddressEditController.swift; sourceTree = "<group>"; };
		0541BC422595EDA8001CFC11 /* HomeSelectionCell.swift */ = {isa = PBXFileReference; lastKnownFileType = sourcecode.swift; path = HomeSelectionCell.swift; sourceTree = "<group>"; };
		0541BC432595EDA8001CFC11 /* HomeSelectionCell.xib */ = {isa = PBXFileReference; lastKnownFileType = file.xib; path = HomeSelectionCell.xib; sourceTree = "<group>"; };
		0541BC6C259669B5001CFC11 /* customAlerts.xib */ = {isa = PBXFileReference; lastKnownFileType = file.xib; path = customAlerts.xib; sourceTree = "<group>"; };
		0541BC71259669CF001CFC11 /* customAlerts.swift */ = {isa = PBXFileReference; lastKnownFileType = sourcecode.swift; path = customAlerts.swift; sourceTree = "<group>"; };
		05444C6525EA505200ED379C /* RetailModel.xcdatamodel */ = {isa = PBXFileReference; lastKnownFileType = wrapper.xcdatamodel; path = RetailModel.xcdatamodel; sourceTree = "<group>"; };
		0545682725CAC5FA001F3CBE /* RetailSelectionCell.swift */ = {isa = PBXFileReference; lastKnownFileType = sourcecode.swift; path = RetailSelectionCell.swift; sourceTree = "<group>"; };
		0545FCE425F887D3002C7CF3 /* HomeScreenController.swift */ = {isa = PBXFileReference; lastKnownFileType = sourcecode.swift; path = HomeScreenController.swift; sourceTree = "<group>"; };
		054729EE25F0E4CD00071283 /* RegistrationController.swift */ = {isa = PBXFileReference; lastKnownFileType = sourcecode.swift; path = RegistrationController.swift; sourceTree = "<group>"; };
		05472A0625F116DD00071283 /* CustomMobRegisterScreen.swift */ = {isa = PBXFileReference; lastKnownFileType = sourcecode.swift; path = CustomMobRegisterScreen.swift; sourceTree = "<group>"; };
		05472A0E25F117EC00071283 /* CustomMobRegisterScreen.xib */ = {isa = PBXFileReference; lastKnownFileType = file.xib; path = CustomMobRegisterScreen.xib; sourceTree = "<group>"; };
		054759AC2595214300CE8659 /* HelperClass.swift */ = {isa = PBXFileReference; lastKnownFileType = sourcecode.swift; path = HelperClass.swift; sourceTree = "<group>"; };
		054FEFD925E7DC9C00773359 /* ViewController2.swift */ = {isa = PBXFileReference; lastKnownFileType = sourcecode.swift; path = ViewController2.swift; sourceTree = "<group>"; };
		0551C1A125E3C034002C4490 /* CustomAddressEdit.xib */ = {isa = PBXFileReference; lastKnownFileType = file.xib; path = CustomAddressEdit.xib; sourceTree = "<group>"; };
		0551C1A625E3C061002C4490 /* CustomAddressEdit.swift */ = {isa = PBXFileReference; lastKnownFileType = sourcecode.swift; path = CustomAddressEdit.swift; sourceTree = "<group>"; };
		0552441425D3933D00C06041 /* ModelToGetHomeDetails.swift */ = {isa = PBXFileReference; lastKnownFileType = sourcecode.swift; path = ModelToGetHomeDetails.swift; sourceTree = "<group>"; };
		0552441925D3934A00C06041 /* HomeControllerViewModel.swift */ = {isa = PBXFileReference; lastKnownFileType = sourcecode.swift; path = HomeControllerViewModel.swift; sourceTree = "<group>"; };
		0552442E25D446BC00C06041 /* open-sans */ = {isa = PBXFileReference; lastKnownFileType = folder; path = "open-sans"; sourceTree = "<group>"; };
		0555227C25CAACA50034518D /* RetailSelectionModel.swift */ = {isa = PBXFileReference; lastKnownFileType = sourcecode.swift; path = RetailSelectionModel.swift; sourceTree = "<group>"; };
		0555228425CAACBB0034518D /* RetailSelectionViewModel.swift */ = {isa = PBXFileReference; lastKnownFileType = sourcecode.swift; path = RetailSelectionViewModel.swift; sourceTree = "<group>"; };
		0555228C25CAAF000034518D /* RetailSelectionController.swift */ = {isa = PBXFileReference; lastKnownFileType = sourcecode.swift; path = RetailSelectionController.swift; sourceTree = "<group>"; };
		0571C75C25FA502E00D31E43 /* FetchRetailController.swift */ = {isa = PBXFileReference; lastKnownFileType = sourcecode.swift; path = FetchRetailController.swift; sourceTree = "<group>"; };
		057E348C25C8059F00CE6EFD /* ServiceClass.swift */ = {isa = PBXFileReference; lastKnownFileType = sourcecode.swift; path = ServiceClass.swift; sourceTree = "<group>"; };
		057E349C25C8140900CE6EFD /* SplashModel.swift */ = {isa = PBXFileReference; lastKnownFileType = sourcecode.swift; path = SplashModel.swift; sourceTree = "<group>"; };
		057E34A125C816F300CE6EFD /* SplashViewModel.swift */ = {isa = PBXFileReference; lastKnownFileType = sourcecode.swift; path = SplashViewModel.swift; sourceTree = "<group>"; };
		13835BD9E8E958AE4AD6C473 /* Pods-RetailEcoSTests.debug.xcconfig */ = {isa = PBXFileReference; includeInIndex = 1; lastKnownFileType = text.xcconfig; name = "Pods-RetailEcoSTests.debug.xcconfig"; path = "Target Support Files/Pods-RetailEcoSTests/Pods-RetailEcoSTests.debug.xcconfig"; sourceTree = "<group>"; };
		336CF9A80F6A6D9EC16F9AEC /* Pods-RetailEcoS.debug.xcconfig */ = {isa = PBXFileReference; includeInIndex = 1; lastKnownFileType = text.xcconfig; name = "Pods-RetailEcoS.debug.xcconfig"; path = "Target Support Files/Pods-RetailEcoS/Pods-RetailEcoS.debug.xcconfig"; sourceTree = "<group>"; };
		6FC06B71198AA05F776045C9 /* Pods-RetailEcoS.release.xcconfig */ = {isa = PBXFileReference; includeInIndex = 1; lastKnownFileType = text.xcconfig; name = "Pods-RetailEcoS.release.xcconfig"; path = "Target Support Files/Pods-RetailEcoS/Pods-RetailEcoS.release.xcconfig"; sourceTree = "<group>"; };
		7607D644258326E30062F77E /* RetailEcoS.app */ = {isa = PBXFileReference; explicitFileType = wrapper.application; includeInIndex = 0; path = RetailEcoS.app; sourceTree = BUILT_PRODUCTS_DIR; };
		7607D647258326E40062F77E /* AppDelegate.swift */ = {isa = PBXFileReference; lastKnownFileType = sourcecode.swift; path = AppDelegate.swift; sourceTree = "<group>"; };
		7607D64E258326E40062F77E /* Base */ = {isa = PBXFileReference; lastKnownFileType = file.storyboard; name = Base; path = Base.lproj/Main.storyboard; sourceTree = "<group>"; };
		7607D650258326E70062F77E /* Assets.xcassets */ = {isa = PBXFileReference; lastKnownFileType = folder.assetcatalog; path = Assets.xcassets; sourceTree = "<group>"; };
		7607D653258326E70062F77E /* Base */ = {isa = PBXFileReference; lastKnownFileType = file.storyboard; name = Base; path = Base.lproj/LaunchScreen.storyboard; sourceTree = "<group>"; };
		7607D655258326E70062F77E /* Info.plist */ = {isa = PBXFileReference; lastKnownFileType = text.plist.xml; path = Info.plist; sourceTree = "<group>"; };
		7607D65A258326E70062F77E /* RetailEcoSTests.xctest */ = {isa = PBXFileReference; explicitFileType = wrapper.cfbundle; includeInIndex = 0; path = RetailEcoSTests.xctest; sourceTree = BUILT_PRODUCTS_DIR; };
		7607D65E258326E70062F77E /* RetailEcoSTests.swift */ = {isa = PBXFileReference; lastKnownFileType = sourcecode.swift; path = RetailEcoSTests.swift; sourceTree = "<group>"; };
		7607D660258326E70062F77E /* Info.plist */ = {isa = PBXFileReference; lastKnownFileType = text.plist.xml; path = Info.plist; sourceTree = "<group>"; };
		7607D665258326E70062F77E /* RetailEcoSUITests.xctest */ = {isa = PBXFileReference; explicitFileType = wrapper.cfbundle; includeInIndex = 0; path = RetailEcoSUITests.xctest; sourceTree = BUILT_PRODUCTS_DIR; };
		7607D669258326E70062F77E /* RetailEcoSUITests.swift */ = {isa = PBXFileReference; lastKnownFileType = sourcecode.swift; path = RetailEcoSUITests.swift; sourceTree = "<group>"; };
		7607D66B258326E70062F77E /* Info.plist */ = {isa = PBXFileReference; lastKnownFileType = text.plist.xml; path = Info.plist; sourceTree = "<group>"; };
		761C02DC258385BE00EE863F /* HomeSelectionListController.swift */ = {isa = PBXFileReference; lastKnownFileType = sourcecode.swift; path = HomeSelectionListController.swift; sourceTree = "<group>"; };
		761C02F32583879700EE863F /* LoginController.swift */ = {isa = PBXFileReference; lastKnownFileType = sourcecode.swift; path = LoginController.swift; sourceTree = "<group>"; };
		7E453B5ED09BCEE67EC405DB /* Pods-RetailEcoS-RetailEcoSUITests.debug.xcconfig */ = {isa = PBXFileReference; includeInIndex = 1; lastKnownFileType = text.xcconfig; name = "Pods-RetailEcoS-RetailEcoSUITests.debug.xcconfig"; path = "Target Support Files/Pods-RetailEcoS-RetailEcoSUITests/Pods-RetailEcoS-RetailEcoSUITests.debug.xcconfig"; sourceTree = "<group>"; };
		A9C39EF200C8BBA8791ED0B5 /* Pods_RetailEcoS_RetailEcoSUITests.framework */ = {isa = PBXFileReference; explicitFileType = wrapper.framework; includeInIndex = 0; path = Pods_RetailEcoS_RetailEcoSUITests.framework; sourceTree = BUILT_PRODUCTS_DIR; };
		B9420A9625B2B31A00C1ACF8 /* SplashController.swift */ = {isa = PBXFileReference; lastKnownFileType = sourcecode.swift; path = SplashController.swift; sourceTree = "<group>"; };
		C834A038D09D2E6D0C39A870 /* Pods-RetailEcoSTests.release.xcconfig */ = {isa = PBXFileReference; includeInIndex = 1; lastKnownFileType = text.xcconfig; name = "Pods-RetailEcoSTests.release.xcconfig"; path = "Target Support Files/Pods-RetailEcoSTests/Pods-RetailEcoSTests.release.xcconfig"; sourceTree = "<group>"; };
		D38AFB372A81FE71D7A0CA08 /* Pods_RetailEcoSTests.framework */ = {isa = PBXFileReference; explicitFileType = wrapper.framework; includeInIndex = 0; path = Pods_RetailEcoSTests.framework; sourceTree = BUILT_PRODUCTS_DIR; };
		E3D3B4B4639A1532FB84710D /* Pods_RetailEcoS.framework */ = {isa = PBXFileReference; explicitFileType = wrapper.framework; includeInIndex = 0; path = Pods_RetailEcoS.framework; sourceTree = BUILT_PRODUCTS_DIR; };
		F186C9C4C87A2EF41EFBC568 /* Pods-RetailEcoS-RetailEcoSUITests.release.xcconfig */ = {isa = PBXFileReference; includeInIndex = 1; lastKnownFileType = text.xcconfig; name = "Pods-RetailEcoS-RetailEcoSUITests.release.xcconfig"; path = "Target Support Files/Pods-RetailEcoS-RetailEcoSUITests/Pods-RetailEcoS-RetailEcoSUITests.release.xcconfig"; sourceTree = "<group>"; };
/* End PBXFileReference section */

/* Begin PBXFrameworksBuildPhase section */
		7607D641258326E30062F77E /* Frameworks */ = {
			isa = PBXFrameworksBuildPhase;
			buildActionMask = 2147483647;
			files = (
				D7851E4F711919B6AC8E7C91 /* Pods_RetailEcoS.framework in Frameworks */,
			);
			runOnlyForDeploymentPostprocessing = 0;
		};
		7607D657258326E70062F77E /* Frameworks */ = {
			isa = PBXFrameworksBuildPhase;
			buildActionMask = 2147483647;
			files = (
				1AD50B6EDE72583D971C5C22 /* Pods_RetailEcoSTests.framework in Frameworks */,
			);
			runOnlyForDeploymentPostprocessing = 0;
		};
		7607D662258326E70062F77E /* Frameworks */ = {
			isa = PBXFrameworksBuildPhase;
			buildActionMask = 2147483647;
			files = (
				38AC2E9BF5D6DE60E449DD3C /* Pods_RetailEcoS_RetailEcoSUITests.framework in Frameworks */,
			);
			runOnlyForDeploymentPostprocessing = 0;
		};
/* End PBXFrameworksBuildPhase section */

/* Begin PBXGroup section */
		050A4DD625F639F800EEBCC6 /* XIB */ = {
			isa = PBXGroup;
			children = (
				050A4DD725F639F800EEBCC6 /* CHAR */,
				050A4DDA25F639F800EEBCC6 /* NUMBERPAD */,
				050A4DDD25F639F800EEBCC6 /* UPPERCASE */,
			);
			path = XIB;
			sourceTree = "<group>";
		};
		050A4DD725F639F800EEBCC6 /* CHAR */ = {
			isa = PBXGroup;
			children = (
				050A4DD825F639F800EEBCC6 /* LetterPad.xib */,
				050A4DD925F639F800EEBCC6 /* LetterPad.swift */,
			);
			path = CHAR;
			sourceTree = "<group>";
		};
		050A4DDA25F639F800EEBCC6 /* NUMBERPAD */ = {
			isa = PBXGroup;
			children = (
				050A4DDB25F639F800EEBCC6 /* NumberLetterPadLetterPad.swift */,
				050A4DDC25F639F800EEBCC6 /* NumberLetterPad.xib */,
			);
			path = NUMBERPAD;
			sourceTree = "<group>";
		};
		050A4DDD25F639F800EEBCC6 /* UPPERCASE */ = {
			isa = PBXGroup;
			children = (
				050A4DDE25F639F800EEBCC6 /* UpperLetterPad.xib */,
				050A4DDF25F639F800EEBCC6 /* UpperLetterPad.swift */,
			);
			path = UPPERCASE;
			sourceTree = "<group>";
		};
		050A4DF225F64B4E00EEBCC6 /* Address Edit */ = {
			isa = PBXGroup;
			children = (
				050A4DF325F64C2800EEBCC6 /* AddressEditController.swift */,
			);
			path = "Address Edit";
			sourceTree = "<group>";
		};
		0541BC3A2595E567001CFC11 /* HomeController */ = {
			isa = PBXGroup;
			children = (
				050A4DF225F64B4E00EEBCC6 /* Address Edit */,
				0541BC3D2595E59F001CFC11 /* View Controller */,
			);
			path = HomeController;
			sourceTree = "<group>";
		};
		0541BC3D2595E59F001CFC11 /* View Controller */ = {
			isa = PBXGroup;
			children = (
				0541BC412595ED03001CFC11 /* xib */,
				761C02DC258385BE00EE863F /* HomeSelectionListController.swift */,
				0545FCE425F887D3002C7CF3 /* HomeScreenController.swift */,
				0571C75C25FA502E00D31E43 /* FetchRetailController.swift */,
				0552441425D3933D00C06041 /* ModelToGetHomeDetails.swift */,
				0552441925D3934A00C06041 /* HomeControllerViewModel.swift */,
			);
			path = "View Controller";
			sourceTree = "<group>";
		};
		0541BC412595ED03001CFC11 /* xib */ = {
			isa = PBXGroup;
			children = (
				0541BC422595EDA8001CFC11 /* HomeSelectionCell.swift */,
				0541BC432595EDA8001CFC11 /* HomeSelectionCell.xib */,
				0551C1A125E3C034002C4490 /* CustomAddressEdit.xib */,
				0551C1A625E3C061002C4490 /* CustomAddressEdit.swift */,
			);
			path = xib;
			sourceTree = "<group>";
		};
		0541BC4925964133001CFC11 /* Login */ = {
			isa = PBXGroup;
			children = (
				0541BC4C2596415B001CFC11 /* View Controller */,
				0541BC4B25964158001CFC11 /* Model */,
				0541BC4A2596414B001CFC11 /* View Controller */,
			);
			path = Login;
			sourceTree = "<group>";
		};
		0541BC4A2596414B001CFC11 /* View Controller */ = {
			isa = PBXGroup;
			children = (
			);
			path = "View Controller";
			sourceTree = "<group>";
		};
		0541BC4B25964158001CFC11 /* Model */ = {
			isa = PBXGroup;
			children = (
			);
			path = Model;
			sourceTree = "<group>";
		};
		0541BC4C2596415B001CFC11 /* View Controller */ = {
			isa = PBXGroup;
			children = (
				0541BC5025965023001CFC11 /* xib */,
				761C02F32583879700EE863F /* LoginController.swift */,
			);
			path = "View Controller";
			sourceTree = "<group>";
		};
		0541BC5025965023001CFC11 /* xib */ = {
			isa = PBXGroup;
			children = (
				0541BC6C259669B5001CFC11 /* customAlerts.xib */,
				0541BC71259669CF001CFC11 /* customAlerts.swift */,
			);
			path = xib;
			sourceTree = "<group>";
		};
		0545681E25CAC516001F3CBE /* xib */ = {
			isa = PBXGroup;
			children = (
				0545682725CAC5FA001F3CBE /* RetailSelectionCell.swift */,
			);
			path = xib;
			sourceTree = "<group>";
		};
		054729ED25F0E49F00071283 /* Registration */ = {
			isa = PBXGroup;
			children = (
				054729EE25F0E4CD00071283 /* RegistrationController.swift */,
			);
			path = Registration;
			sourceTree = "<group>";
		};
		05472A0025F1150300071283 /* Xib */ = {
			isa = PBXGroup;
			children = (
				05472A0625F116DD00071283 /* CustomMobRegisterScreen.swift */,
				05472A0E25F117EC00071283 /* CustomMobRegisterScreen.xib */,
			);
			path = Xib;
			sourceTree = "<group>";
		};
		054759AB2595210C00CE8659 /* HelperClass */ = {
			isa = PBXGroup;
			children = (
				0552442D25D4469300C06041 /* Fonts */,
				054759AC2595214300CE8659 /* HelperClass.swift */,
				057E348C25C8059F00CE6EFD /* ServiceClass.swift */,
			);
			path = HelperClass;
			sourceTree = "<group>";
		};
		0552442D25D4469300C06041 /* Fonts */ = {
			isa = PBXGroup;
			children = (
				0552442E25D446BC00C06041 /* open-sans */,
			);
			path = Fonts;
			sourceTree = "<group>";
		};
		0555227325CAAC4E0034518D /* Retail Selection */ = {
			isa = PBXGroup;
			children = (
				0545681E25CAC516001F3CBE /* xib */,
				0555227C25CAACA50034518D /* RetailSelectionModel.swift */,
				0555228425CAACBB0034518D /* RetailSelectionViewModel.swift */,
				0555228C25CAAF000034518D /* RetailSelectionController.swift */,
			);
			path = "Retail Selection";
			sourceTree = "<group>";
		};
		057E349B25C813EB00CE6EFD /* Model */ = {
			isa = PBXGroup;
			children = (
				057E349C25C8140900CE6EFD /* SplashModel.swift */,
			);
			path = Model;
			sourceTree = "<group>";
		};
		3713C86C2ACF6CDAC891E839 /* Pods */ = {
			isa = PBXGroup;
			children = (
				336CF9A80F6A6D9EC16F9AEC /* Pods-RetailEcoS.debug.xcconfig */,
				6FC06B71198AA05F776045C9 /* Pods-RetailEcoS.release.xcconfig */,
				7E453B5ED09BCEE67EC405DB /* Pods-RetailEcoS-RetailEcoSUITests.debug.xcconfig */,
				F186C9C4C87A2EF41EFBC568 /* Pods-RetailEcoS-RetailEcoSUITests.release.xcconfig */,
				13835BD9E8E958AE4AD6C473 /* Pods-RetailEcoSTests.debug.xcconfig */,
				C834A038D09D2E6D0C39A870 /* Pods-RetailEcoSTests.release.xcconfig */,
			);
			name = Pods;
			path = Pods;
			sourceTree = "<group>";
		};
		7607D63B258326E30062F77E = {
			isa = PBXGroup;
			children = (
				7607D646258326E30062F77E /* RetailEcoS */,
				7607D65D258326E70062F77E /* RetailEcoSTests */,
				7607D668258326E70062F77E /* RetailEcoSUITests */,
				7607D645258326E30062F77E /* Products */,
				3713C86C2ACF6CDAC891E839 /* Pods */,
				B55B863A51B990A212E18B12 /* Frameworks */,
			);
			sourceTree = "<group>";
		};
		7607D645258326E30062F77E /* Products */ = {
			isa = PBXGroup;
			children = (
				7607D644258326E30062F77E /* RetailEcoS.app */,
				7607D65A258326E70062F77E /* RetailEcoSTests.xctest */,
				7607D665258326E70062F77E /* RetailEcoSUITests.xctest */,
			);
			name = Products;
			sourceTree = "<group>";
		};
		7607D646258326E30062F77E /* RetailEcoS */ = {
			isa = PBXGroup;
			children = (
				050A4DD625F639F800EEBCC6 /* XIB */,
				054759AB2595210C00CE8659 /* HelperClass */,
				761C02D8258384AE00EE863F /* Controller */,
				7607D647258326E40062F77E /* AppDelegate.swift */,
				7607D64D258326E40062F77E /* Main.storyboard */,
				7607D650258326E70062F77E /* Assets.xcassets */,
				7607D652258326E70062F77E /* LaunchScreen.storyboard */,
				7607D655258326E70062F77E /* Info.plist */,
				054FEFD925E7DC9C00773359 /* ViewController2.swift */,
				05444C6425EA505200ED379C /* RetailModel.xcdatamodeld */,
			);
			path = RetailEcoS;
			sourceTree = "<group>";
		};
		7607D65D258326E70062F77E /* RetailEcoSTests */ = {
			isa = PBXGroup;
			children = (
				7607D65E258326E70062F77E /* RetailEcoSTests.swift */,
				7607D660258326E70062F77E /* Info.plist */,
			);
			path = RetailEcoSTests;
			sourceTree = "<group>";
		};
		7607D668258326E70062F77E /* RetailEcoSUITests */ = {
			isa = PBXGroup;
			children = (
				7607D669258326E70062F77E /* RetailEcoSUITests.swift */,
				7607D66B258326E70062F77E /* Info.plist */,
			);
			path = RetailEcoSUITests;
			sourceTree = "<group>";
		};
		761C02D8258384AE00EE863F /* Controller */ = {
			isa = PBXGroup;
			children = (
				054729ED25F0E49F00071283 /* Registration */,
				B9420A9525B2B2D200C1ACF8 /* Splash */,
				0555227325CAAC4E0034518D /* Retail Selection */,
				0541BC3A2595E567001CFC11 /* HomeController */,
				0541BC4925964133001CFC11 /* Login */,
			);
			path = Controller;
			sourceTree = "<group>";
		};
		B55B863A51B990A212E18B12 /* Frameworks */ = {
			isa = PBXGroup;
			children = (
				E3D3B4B4639A1532FB84710D /* Pods_RetailEcoS.framework */,
				A9C39EF200C8BBA8791ED0B5 /* Pods_RetailEcoS_RetailEcoSUITests.framework */,
				D38AFB372A81FE71D7A0CA08 /* Pods_RetailEcoSTests.framework */,
			);
			name = Frameworks;
			sourceTree = "<group>";
		};
		B9420A9525B2B2D200C1ACF8 /* Splash */ = {
			isa = PBXGroup;
			children = (
				05472A0025F1150300071283 /* Xib */,
				057E349B25C813EB00CE6EFD /* Model */,
				B9420A9625B2B31A00C1ACF8 /* SplashController.swift */,
				057E34A125C816F300CE6EFD /* SplashViewModel.swift */,
			);
			path = Splash;
			sourceTree = "<group>";
		};
/* End PBXGroup section */

/* Begin PBXNativeTarget section */
		7607D643258326E30062F77E /* RetailEcoS */ = {
			isa = PBXNativeTarget;
			buildConfigurationList = 7607D66E258326E70062F77E /* Build configuration list for PBXNativeTarget "RetailEcoS" */;
			buildPhases = (
				98CEB35AF9C29EC7714577D9 /* [CP] Check Pods Manifest.lock */,
				7607D640258326E30062F77E /* Sources */,
				7607D641258326E30062F77E /* Frameworks */,
				7607D642258326E30062F77E /* Resources */,
				B886BA114130EDFCD0059557 /* [CP] Embed Pods Frameworks */,
			);
			buildRules = (
			);
			dependencies = (
			);
			name = RetailEcoS;
			productName = RetailEcoS;
			productReference = 7607D644258326E30062F77E /* RetailEcoS.app */;
			productType = "com.apple.product-type.application";
		};
		7607D659258326E70062F77E /* RetailEcoSTests */ = {
			isa = PBXNativeTarget;
			buildConfigurationList = 7607D671258326E70062F77E /* Build configuration list for PBXNativeTarget "RetailEcoSTests" */;
			buildPhases = (
				D160D4B50A4D2985C5A5FE28 /* [CP] Check Pods Manifest.lock */,
				7607D656258326E70062F77E /* Sources */,
				7607D657258326E70062F77E /* Frameworks */,
				7607D658258326E70062F77E /* Resources */,
			);
			buildRules = (
			);
			dependencies = (
				7607D65C258326E70062F77E /* PBXTargetDependency */,
			);
			name = RetailEcoSTests;
			productName = RetailEcoSTests;
			productReference = 7607D65A258326E70062F77E /* RetailEcoSTests.xctest */;
			productType = "com.apple.product-type.bundle.unit-test";
		};
		7607D664258326E70062F77E /* RetailEcoSUITests */ = {
			isa = PBXNativeTarget;
			buildConfigurationList = 7607D674258326E70062F77E /* Build configuration list for PBXNativeTarget "RetailEcoSUITests" */;
			buildPhases = (
				3E6C0F7D4BABF2A547379260 /* [CP] Check Pods Manifest.lock */,
				7607D661258326E70062F77E /* Sources */,
				7607D662258326E70062F77E /* Frameworks */,
				7607D663258326E70062F77E /* Resources */,
				6B9B90D4B59892D4EE7C59CB /* [CP] Embed Pods Frameworks */,
			);
			buildRules = (
			);
			dependencies = (
				7607D667258326E70062F77E /* PBXTargetDependency */,
			);
			name = RetailEcoSUITests;
			productName = RetailEcoSUITests;
			productReference = 7607D665258326E70062F77E /* RetailEcoSUITests.xctest */;
			productType = "com.apple.product-type.bundle.ui-testing";
		};
/* End PBXNativeTarget section */

/* Begin PBXProject section */
		7607D63C258326E30062F77E /* Project object */ = {
			isa = PBXProject;
			attributes = {
				LastSwiftUpdateCheck = 1220;
				LastUpgradeCheck = 1220;
				TargetAttributes = {
					7607D643258326E30062F77E = {
						CreatedOnToolsVersion = 12.2;
					};
					7607D659258326E70062F77E = {
						CreatedOnToolsVersion = 12.2;
						TestTargetID = 7607D643258326E30062F77E;
					};
					7607D664258326E70062F77E = {
						CreatedOnToolsVersion = 12.2;
						TestTargetID = 7607D643258326E30062F77E;
					};
				};
			};
			buildConfigurationList = 7607D63F258326E30062F77E /* Build configuration list for PBXProject "RetailEcoS" */;
			compatibilityVersion = "Xcode 9.3";
			developmentRegion = en;
			hasScannedForEncodings = 0;
			knownRegions = (
				en,
				Base,
			);
			mainGroup = 7607D63B258326E30062F77E;
			productRefGroup = 7607D645258326E30062F77E /* Products */;
			projectDirPath = "";
			projectRoot = "";
			targets = (
				7607D643258326E30062F77E /* RetailEcoS */,
				7607D659258326E70062F77E /* RetailEcoSTests */,
				7607D664258326E70062F77E /* RetailEcoSUITests */,
			);
		};
/* End PBXProject section */

/* Begin PBXResourcesBuildPhase section */
		7607D642258326E30062F77E /* Resources */ = {
			isa = PBXResourcesBuildPhase;
			buildActionMask = 2147483647;
			files = (
				7607D654258326E70062F77E /* LaunchScreen.storyboard in Resources */,
				7607D651258326E70062F77E /* Assets.xcassets in Resources */,
				0551C1A225E3C034002C4490 /* CustomAddressEdit.xib in Resources */,
				050A4DE025F639F800EEBCC6 /* LetterPad.xib in Resources */,
				05472A0F25F117EC00071283 /* CustomMobRegisterScreen.xib in Resources */,
				0541BC452595EDA8001CFC11 /* HomeSelectionCell.xib in Resources */,
				050A4DE425F639F800EEBCC6 /* UpperLetterPad.xib in Resources */,
				0552442F25D446BC00C06041 /* open-sans in Resources */,
				7607D64F258326E40062F77E /* Main.storyboard in Resources */,
				050A4DE325F639F800EEBCC6 /* NumberLetterPad.xib in Resources */,
				0541BC6D259669B5001CFC11 /* customAlerts.xib in Resources */,
			);
			runOnlyForDeploymentPostprocessing = 0;
		};
		7607D658258326E70062F77E /* Resources */ = {
			isa = PBXResourcesBuildPhase;
			buildActionMask = 2147483647;
			files = (
			);
			runOnlyForDeploymentPostprocessing = 0;
		};
		7607D663258326E70062F77E /* Resources */ = {
			isa = PBXResourcesBuildPhase;
			buildActionMask = 2147483647;
			files = (
			);
			runOnlyForDeploymentPostprocessing = 0;
		};
/* End PBXResourcesBuildPhase section */

/* Begin PBXShellScriptBuildPhase section */
		3E6C0F7D4BABF2A547379260 /* [CP] Check Pods Manifest.lock */ = {
			isa = PBXShellScriptBuildPhase;
			buildActionMask = 2147483647;
			files = (
			);
			inputFileListPaths = (
			);
			inputPaths = (
				"${PODS_PODFILE_DIR_PATH}/Podfile.lock",
				"${PODS_ROOT}/Manifest.lock",
			);
			name = "[CP] Check Pods Manifest.lock";
			outputFileListPaths = (
			);
			outputPaths = (
				"$(DERIVED_FILE_DIR)/Pods-RetailEcoS-RetailEcoSUITests-checkManifestLockResult.txt",
			);
			runOnlyForDeploymentPostprocessing = 0;
			shellPath = /bin/sh;
			shellScript = "diff \"${PODS_PODFILE_DIR_PATH}/Podfile.lock\" \"${PODS_ROOT}/Manifest.lock\" > /dev/null\nif [ $? != 0 ] ; then\n    # print error to STDERR\n    echo \"error: The sandbox is not in sync with the Podfile.lock. Run 'pod install' or update your CocoaPods installation.\" >&2\n    exit 1\nfi\n# This output is used by Xcode 'outputs' to avoid re-running this script phase.\necho \"SUCCESS\" > \"${SCRIPT_OUTPUT_FILE_0}\"\n";
			showEnvVarsInLog = 0;
		};
		6B9B90D4B59892D4EE7C59CB /* [CP] Embed Pods Frameworks */ = {
			isa = PBXShellScriptBuildPhase;
			buildActionMask = 2147483647;
			files = (
			);
			inputFileListPaths = (
				"${PODS_ROOT}/Target Support Files/Pods-RetailEcoS-RetailEcoSUITests/Pods-RetailEcoS-RetailEcoSUITests-frameworks-${CONFIGURATION}-input-files.xcfilelist",
			);
			name = "[CP] Embed Pods Frameworks";
			outputFileListPaths = (
				"${PODS_ROOT}/Target Support Files/Pods-RetailEcoS-RetailEcoSUITests/Pods-RetailEcoS-RetailEcoSUITests-frameworks-${CONFIGURATION}-output-files.xcfilelist",
			);
			runOnlyForDeploymentPostprocessing = 0;
			shellPath = /bin/sh;
			shellScript = "\"${PODS_ROOT}/Target Support Files/Pods-RetailEcoS-RetailEcoSUITests/Pods-RetailEcoS-RetailEcoSUITests-frameworks.sh\"\n";
			showEnvVarsInLog = 0;
		};
		98CEB35AF9C29EC7714577D9 /* [CP] Check Pods Manifest.lock */ = {
			isa = PBXShellScriptBuildPhase;
			buildActionMask = 2147483647;
			files = (
			);
			inputFileListPaths = (
			);
			inputPaths = (
				"${PODS_PODFILE_DIR_PATH}/Podfile.lock",
				"${PODS_ROOT}/Manifest.lock",
			);
			name = "[CP] Check Pods Manifest.lock";
			outputFileListPaths = (
			);
			outputPaths = (
				"$(DERIVED_FILE_DIR)/Pods-RetailEcoS-checkManifestLockResult.txt",
			);
			runOnlyForDeploymentPostprocessing = 0;
			shellPath = /bin/sh;
			shellScript = "diff \"${PODS_PODFILE_DIR_PATH}/Podfile.lock\" \"${PODS_ROOT}/Manifest.lock\" > /dev/null\nif [ $? != 0 ] ; then\n    # print error to STDERR\n    echo \"error: The sandbox is not in sync with the Podfile.lock. Run 'pod install' or update your CocoaPods installation.\" >&2\n    exit 1\nfi\n# This output is used by Xcode 'outputs' to avoid re-running this script phase.\necho \"SUCCESS\" > \"${SCRIPT_OUTPUT_FILE_0}\"\n";
			showEnvVarsInLog = 0;
		};
		B886BA114130EDFCD0059557 /* [CP] Embed Pods Frameworks */ = {
			isa = PBXShellScriptBuildPhase;
			buildActionMask = 2147483647;
			files = (
			);
			inputFileListPaths = (
				"${PODS_ROOT}/Target Support Files/Pods-RetailEcoS/Pods-RetailEcoS-frameworks-${CONFIGURATION}-input-files.xcfilelist",
			);
			name = "[CP] Embed Pods Frameworks";
			outputFileListPaths = (
				"${PODS_ROOT}/Target Support Files/Pods-RetailEcoS/Pods-RetailEcoS-frameworks-${CONFIGURATION}-output-files.xcfilelist",
			);
			runOnlyForDeploymentPostprocessing = 0;
			shellPath = /bin/sh;
			shellScript = "\"${PODS_ROOT}/Target Support Files/Pods-RetailEcoS/Pods-RetailEcoS-frameworks.sh\"\n";
			showEnvVarsInLog = 0;
		};
		D160D4B50A4D2985C5A5FE28 /* [CP] Check Pods Manifest.lock */ = {
			isa = PBXShellScriptBuildPhase;
			buildActionMask = 2147483647;
			files = (
			);
			inputFileListPaths = (
			);
			inputPaths = (
				"${PODS_PODFILE_DIR_PATH}/Podfile.lock",
				"${PODS_ROOT}/Manifest.lock",
			);
			name = "[CP] Check Pods Manifest.lock";
			outputFileListPaths = (
			);
			outputPaths = (
				"$(DERIVED_FILE_DIR)/Pods-RetailEcoSTests-checkManifestLockResult.txt",
			);
			runOnlyForDeploymentPostprocessing = 0;
			shellPath = /bin/sh;
			shellScript = "diff \"${PODS_PODFILE_DIR_PATH}/Podfile.lock\" \"${PODS_ROOT}/Manifest.lock\" > /dev/null\nif [ $? != 0 ] ; then\n    # print error to STDERR\n    echo \"error: The sandbox is not in sync with the Podfile.lock. Run 'pod install' or update your CocoaPods installation.\" >&2\n    exit 1\nfi\n# This output is used by Xcode 'outputs' to avoid re-running this script phase.\necho \"SUCCESS\" > \"${SCRIPT_OUTPUT_FILE_0}\"\n";
			showEnvVarsInLog = 0;
		};
/* End PBXShellScriptBuildPhase section */

/* Begin PBXSourcesBuildPhase section */
		7607D640258326E30062F77E /* Sources */ = {
			isa = PBXSourcesBuildPhase;
			buildActionMask = 2147483647;
			files = (
				05444C6625EA505200ED379C /* RetailModel.xcdatamodeld in Sources */,
				0571C75D25FA502E00D31E43 /* FetchRetailController.swift in Sources */,
				054FEFDA25E7DC9C00773359 /* ViewController2.swift in Sources */,
				0555227D25CAACA50034518D /* RetailSelectionModel.swift in Sources */,
				057E349D25C8140900CE6EFD /* SplashModel.swift in Sources */,
				0552441525D3933D00C06041 /* ModelToGetHomeDetails.swift in Sources */,
				0541BC442595EDA8001CFC11 /* HomeSelectionCell.swift in Sources */,
				057E34A225C816F300CE6EFD /* SplashViewModel.swift in Sources */,
				050A4DE125F639F800EEBCC6 /* LetterPad.swift in Sources */,
				0555228525CAACBB0034518D /* RetailSelectionViewModel.swift in Sources */,
				761C02F42583879700EE863F /* LoginController.swift in Sources */,
				B9420A9725B2B31A00C1ACF8 /* SplashController.swift in Sources */,
				0545682825CAC5FA001F3CBE /* RetailSelectionCell.swift in Sources */,
				050A4DE225F639F800EEBCC6 /* NumberLetterPadLetterPad.swift in Sources */,
				05472A0725F116DD00071283 /* CustomMobRegisterScreen.swift in Sources */,
				0541BC72259669CF001CFC11 /* customAlerts.swift in Sources */,
				054759AD2595214300CE8659 /* HelperClass.swift in Sources */,
				050A4DF425F64C2800EEBCC6 /* AddressEditController.swift in Sources */,
				050A4DE525F639F800EEBCC6 /* UpperLetterPad.swift in Sources */,
				0545FCE525F887D3002C7CF3 /* HomeScreenController.swift in Sources */,
				7607D648258326E40062F77E /* AppDelegate.swift in Sources */,
				057E348D25C8059F00CE6EFD /* ServiceClass.swift in Sources */,
				761C02DD258385BE00EE863F /* HomeSelectionListController.swift in Sources */,
				0555228D25CAAF000034518D /* RetailSelectionController.swift in Sources */,
				054729EF25F0E4CD00071283 /* RegistrationController.swift in Sources */,
				0551C1A725E3C061002C4490 /* CustomAddressEdit.swift in Sources */,
				0552441A25D3934A00C06041 /* HomeControllerViewModel.swift in Sources */,
			);
			runOnlyForDeploymentPostprocessing = 0;
		};
		7607D656258326E70062F77E /* Sources */ = {
			isa = PBXSourcesBuildPhase;
			buildActionMask = 2147483647;
			files = (
				7607D65F258326E70062F77E /* RetailEcoSTests.swift in Sources */,
			);
			runOnlyForDeploymentPostprocessing = 0;
		};
		7607D661258326E70062F77E /* Sources */ = {
			isa = PBXSourcesBuildPhase;
			buildActionMask = 2147483647;
			files = (
				7607D66A258326E70062F77E /* RetailEcoSUITests.swift in Sources */,
			);
			runOnlyForDeploymentPostprocessing = 0;
		};
/* End PBXSourcesBuildPhase section */

/* Begin PBXTargetDependency section */
		7607D65C258326E70062F77E /* PBXTargetDependency */ = {
			isa = PBXTargetDependency;
			target = 7607D643258326E30062F77E /* RetailEcoS */;
			targetProxy = 7607D65B258326E70062F77E /* PBXContainerItemProxy */;
		};
		7607D667258326E70062F77E /* PBXTargetDependency */ = {
			isa = PBXTargetDependency;
			target = 7607D643258326E30062F77E /* RetailEcoS */;
			targetProxy = 7607D666258326E70062F77E /* PBXContainerItemProxy */;
		};
/* End PBXTargetDependency section */

/* Begin PBXVariantGroup section */
		7607D64D258326E40062F77E /* Main.storyboard */ = {
			isa = PBXVariantGroup;
			children = (
				7607D64E258326E40062F77E /* Base */,
			);
			name = Main.storyboard;
			sourceTree = "<group>";
		};
		7607D652258326E70062F77E /* LaunchScreen.storyboard */ = {
			isa = PBXVariantGroup;
			children = (
				7607D653258326E70062F77E /* Base */,
			);
			name = LaunchScreen.storyboard;
			sourceTree = "<group>";
		};
/* End PBXVariantGroup section */

/* Begin XCBuildConfiguration section */
		7607D66C258326E70062F77E /* Debug */ = {
			isa = XCBuildConfiguration;
			buildSettings = {
				ALWAYS_SEARCH_USER_PATHS = NO;
				CLANG_ANALYZER_NONNULL = YES;
				CLANG_ANALYZER_NUMBER_OBJECT_CONVERSION = YES_AGGRESSIVE;
				CLANG_CXX_LANGUAGE_STANDARD = "gnu++14";
				CLANG_CXX_LIBRARY = "libc++";
				CLANG_ENABLE_MODULES = YES;
				CLANG_ENABLE_OBJC_ARC = YES;
				CLANG_ENABLE_OBJC_WEAK = YES;
				CLANG_WARN_BLOCK_CAPTURE_AUTORELEASING = YES;
				CLANG_WARN_BOOL_CONVERSION = YES;
				CLANG_WARN_COMMA = YES;
				CLANG_WARN_CONSTANT_CONVERSION = YES;
				CLANG_WARN_DEPRECATED_OBJC_IMPLEMENTATIONS = YES;
				CLANG_WARN_DIRECT_OBJC_ISA_USAGE = YES_ERROR;
				CLANG_WARN_DOCUMENTATION_COMMENTS = YES;
				CLANG_WARN_EMPTY_BODY = YES;
				CLANG_WARN_ENUM_CONVERSION = YES;
				CLANG_WARN_INFINITE_RECURSION = YES;
				CLANG_WARN_INT_CONVERSION = YES;
				CLANG_WARN_NON_LITERAL_NULL_CONVERSION = YES;
				CLANG_WARN_OBJC_IMPLICIT_RETAIN_SELF = YES;
				CLANG_WARN_OBJC_LITERAL_CONVERSION = YES;
				CLANG_WARN_OBJC_ROOT_CLASS = YES_ERROR;
				CLANG_WARN_QUOTED_INCLUDE_IN_FRAMEWORK_HEADER = YES;
				CLANG_WARN_RANGE_LOOP_ANALYSIS = YES;
				CLANG_WARN_STRICT_PROTOTYPES = YES;
				CLANG_WARN_SUSPICIOUS_MOVE = YES;
				CLANG_WARN_UNGUARDED_AVAILABILITY = YES_AGGRESSIVE;
				CLANG_WARN_UNREACHABLE_CODE = YES;
				CLANG_WARN__DUPLICATE_METHOD_MATCH = YES;
				COPY_PHASE_STRIP = NO;
				DEBUG_INFORMATION_FORMAT = dwarf;
				ENABLE_STRICT_OBJC_MSGSEND = YES;
				ENABLE_TESTABILITY = YES;
				GCC_C_LANGUAGE_STANDARD = gnu11;
				GCC_DYNAMIC_NO_PIC = NO;
				GCC_NO_COMMON_BLOCKS = YES;
				GCC_OPTIMIZATION_LEVEL = 0;
				GCC_PREPROCESSOR_DEFINITIONS = (
					"DEBUG=1",
					"$(inherited)",
				);
				GCC_WARN_64_TO_32_BIT_CONVERSION = YES;
				GCC_WARN_ABOUT_RETURN_TYPE = YES_ERROR;
				GCC_WARN_UNDECLARED_SELECTOR = YES;
				GCC_WARN_UNINITIALIZED_AUTOS = YES_AGGRESSIVE;
				GCC_WARN_UNUSED_FUNCTION = YES;
				GCC_WARN_UNUSED_VARIABLE = YES;
				IPHONEOS_DEPLOYMENT_TARGET = 14.2;
				MTL_ENABLE_DEBUG_INFO = INCLUDE_SOURCE;
				MTL_FAST_MATH = YES;
				ONLY_ACTIVE_ARCH = YES;
				SDKROOT = iphoneos;
				SWIFT_ACTIVE_COMPILATION_CONDITIONS = DEBUG;
				SWIFT_OPTIMIZATION_LEVEL = "-Onone";
			};
			name = Debug;
		};
		7607D66D258326E70062F77E /* Release */ = {
			isa = XCBuildConfiguration;
			buildSettings = {
				ALWAYS_SEARCH_USER_PATHS = NO;
				CLANG_ANALYZER_NONNULL = YES;
				CLANG_ANALYZER_NUMBER_OBJECT_CONVERSION = YES_AGGRESSIVE;
				CLANG_CXX_LANGUAGE_STANDARD = "gnu++14";
				CLANG_CXX_LIBRARY = "libc++";
				CLANG_ENABLE_MODULES = YES;
				CLANG_ENABLE_OBJC_ARC = YES;
				CLANG_ENABLE_OBJC_WEAK = YES;
				CLANG_WARN_BLOCK_CAPTURE_AUTORELEASING = YES;
				CLANG_WARN_BOOL_CONVERSION = YES;
				CLANG_WARN_COMMA = YES;
				CLANG_WARN_CONSTANT_CONVERSION = YES;
				CLANG_WARN_DEPRECATED_OBJC_IMPLEMENTATIONS = YES;
				CLANG_WARN_DIRECT_OBJC_ISA_USAGE = YES_ERROR;
				CLANG_WARN_DOCUMENTATION_COMMENTS = YES;
				CLANG_WARN_EMPTY_BODY = YES;
				CLANG_WARN_ENUM_CONVERSION = YES;
				CLANG_WARN_INFINITE_RECURSION = YES;
				CLANG_WARN_INT_CONVERSION = YES;
				CLANG_WARN_NON_LITERAL_NULL_CONVERSION = YES;
				CLANG_WARN_OBJC_IMPLICIT_RETAIN_SELF = YES;
				CLANG_WARN_OBJC_LITERAL_CONVERSION = YES;
				CLANG_WARN_OBJC_ROOT_CLASS = YES_ERROR;
				CLANG_WARN_QUOTED_INCLUDE_IN_FRAMEWORK_HEADER = YES;
				CLANG_WARN_RANGE_LOOP_ANALYSIS = YES;
				CLANG_WARN_STRICT_PROTOTYPES = YES;
				CLANG_WARN_SUSPICIOUS_MOVE = YES;
				CLANG_WARN_UNGUARDED_AVAILABILITY = YES_AGGRESSIVE;
				CLANG_WARN_UNREACHABLE_CODE = YES;
				CLANG_WARN__DUPLICATE_METHOD_MATCH = YES;
				COPY_PHASE_STRIP = NO;
				DEBUG_INFORMATION_FORMAT = "dwarf-with-dsym";
				ENABLE_NS_ASSERTIONS = NO;
				ENABLE_STRICT_OBJC_MSGSEND = YES;
				GCC_C_LANGUAGE_STANDARD = gnu11;
				GCC_NO_COMMON_BLOCKS = YES;
				GCC_WARN_64_TO_32_BIT_CONVERSION = YES;
				GCC_WARN_ABOUT_RETURN_TYPE = YES_ERROR;
				GCC_WARN_UNDECLARED_SELECTOR = YES;
				GCC_WARN_UNINITIALIZED_AUTOS = YES_AGGRESSIVE;
				GCC_WARN_UNUSED_FUNCTION = YES;
				GCC_WARN_UNUSED_VARIABLE = YES;
				IPHONEOS_DEPLOYMENT_TARGET = 14.2;
				MTL_ENABLE_DEBUG_INFO = NO;
				MTL_FAST_MATH = YES;
				SDKROOT = iphoneos;
				SWIFT_COMPILATION_MODE = wholemodule;
				SWIFT_OPTIMIZATION_LEVEL = "-O";
				VALIDATE_PRODUCT = YES;
			};
			name = Release;
		};
		7607D66F258326E70062F77E /* Debug */ = {
			isa = XCBuildConfiguration;
			baseConfigurationReference = 336CF9A80F6A6D9EC16F9AEC /* Pods-RetailEcoS.debug.xcconfig */;
			buildSettings = {
				ASSETCATALOG_COMPILER_APPICON_NAME = AppIcon;
				ASSETCATALOG_COMPILER_GLOBAL_ACCENT_COLOR_NAME = AccentColor;
				CODE_SIGN_IDENTITY = "Apple Development";
				CODE_SIGN_STYLE = Automatic;
				DEVELOPMENT_TEAM = S7G84D34BZ;
				INFOPLIST_FILE = RetailEcoS/Info.plist;
				IPHONEOS_DEPLOYMENT_TARGET = 12.1;
				LD_RUNPATH_SEARCH_PATHS = (
					"$(inherited)",
					"@executable_path/Frameworks",
				);
				PRODUCT_BUNDLE_IDENTIFIER = com.Confluence.RetailEcoS;
				PRODUCT_NAME = "$(TARGET_NAME)";
				PROVISIONING_PROFILE_SPECIFIER = "";
				SWIFT_VERSION = 4.0;
				TARGETED_DEVICE_FAMILY = "1,2";
			};
			name = Debug;
		};
		7607D670258326E70062F77E /* Release */ = {
			isa = XCBuildConfiguration;
			baseConfigurationReference = 6FC06B71198AA05F776045C9 /* Pods-RetailEcoS.release.xcconfig */;
			buildSettings = {
				ASSETCATALOG_COMPILER_APPICON_NAME = AppIcon;
				ASSETCATALOG_COMPILER_GLOBAL_ACCENT_COLOR_NAME = AccentColor;
				CODE_SIGN_IDENTITY = "Apple Development";
				CODE_SIGN_STYLE = Automatic;
				DEVELOPMENT_TEAM = S7G84D34BZ;
				INFOPLIST_FILE = RetailEcoS/Info.plist;
				IPHONEOS_DEPLOYMENT_TARGET = 12.1;
				LD_RUNPATH_SEARCH_PATHS = (
					"$(inherited)",
					"@executable_path/Frameworks",
				);
				PRODUCT_BUNDLE_IDENTIFIER = com.Confluence.RetailEcoS;
				PRODUCT_NAME = "$(TARGET_NAME)";
				PROVISIONING_PROFILE_SPECIFIER = "";
				SWIFT_VERSION = 4.0;
				TARGETED_DEVICE_FAMILY = "1,2";
			};
			name = Release;
		};
		7607D672258326E70062F77E /* Debug */ = {
			isa = XCBuildConfiguration;
			baseConfigurationReference = 13835BD9E8E958AE4AD6C473 /* Pods-RetailEcoSTests.debug.xcconfig */;
			buildSettings = {
				ALWAYS_EMBED_SWIFT_STANDARD_LIBRARIES = YES;
				BUNDLE_LOADER = "$(TEST_HOST)";
				CODE_SIGN_STYLE = Automatic;
				DEVELOPMENT_TEAM = G4L32H6MPG;
				INFOPLIST_FILE = RetailEcoSTests/Info.plist;
				IPHONEOS_DEPLOYMENT_TARGET = 14.2;
				LD_RUNPATH_SEARCH_PATHS = (
					"$(inherited)",
					"@executable_path/Frameworks",
					"@loader_path/Frameworks",
				);
				PRODUCT_BUNDLE_IDENTIFIER = com.Confluence.RetailEcoS.RetailEcoSTests;
				PRODUCT_NAME = "$(TARGET_NAME)";
				SWIFT_VERSION = 5.0;
				TARGETED_DEVICE_FAMILY = "1,2";
				TEST_HOST = "$(BUILT_PRODUCTS_DIR)/RetailEcoS.app/RetailEcoS";
			};
			name = Debug;
		};
		7607D673258326E70062F77E /* Release */ = {
			isa = XCBuildConfiguration;
			baseConfigurationReference = C834A038D09D2E6D0C39A870 /* Pods-RetailEcoSTests.release.xcconfig */;
			buildSettings = {
				ALWAYS_EMBED_SWIFT_STANDARD_LIBRARIES = YES;
				BUNDLE_LOADER = "$(TEST_HOST)";
				CODE_SIGN_STYLE = Automatic;
				DEVELOPMENT_TEAM = G4L32H6MPG;
				INFOPLIST_FILE = RetailEcoSTests/Info.plist;
				IPHONEOS_DEPLOYMENT_TARGET = 14.2;
				LD_RUNPATH_SEARCH_PATHS = (
					"$(inherited)",
					"@executable_path/Frameworks",
					"@loader_path/Frameworks",
				);
				PRODUCT_BUNDLE_IDENTIFIER = com.Confluence.RetailEcoS.RetailEcoSTests;
				PRODUCT_NAME = "$(TARGET_NAME)";
				SWIFT_VERSION = 5.0;
				TARGETED_DEVICE_FAMILY = "1,2";
				TEST_HOST = "$(BUILT_PRODUCTS_DIR)/RetailEcoS.app/RetailEcoS";
			};
			name = Release;
		};
		7607D675258326E70062F77E /* Debug */ = {
			isa = XCBuildConfiguration;
			baseConfigurationReference = 7E453B5ED09BCEE67EC405DB /* Pods-RetailEcoS-RetailEcoSUITests.debug.xcconfig */;
			buildSettings = {
				ALWAYS_EMBED_SWIFT_STANDARD_LIBRARIES = YES;
				CODE_SIGN_STYLE = Automatic;
				DEVELOPMENT_TEAM = G4L32H6MPG;
				INFOPLIST_FILE = RetailEcoSUITests/Info.plist;
				LD_RUNPATH_SEARCH_PATHS = (
					"$(inherited)",
					"@executable_path/Frameworks",
					"@loader_path/Frameworks",
				);
				PRODUCT_BUNDLE_IDENTIFIER = com.Confluence.RetailEcoS.RetailEcoSUITests;
				PRODUCT_NAME = "$(TARGET_NAME)";
				SWIFT_VERSION = 5.0;
				TARGETED_DEVICE_FAMILY = "1,2";
				TEST_TARGET_NAME = RetailEcoS;
			};
			name = Debug;
		};
		7607D676258326E70062F77E /* Release */ = {
			isa = XCBuildConfiguration;
			baseConfigurationReference = F186C9C4C87A2EF41EFBC568 /* Pods-RetailEcoS-RetailEcoSUITests.release.xcconfig */;
			buildSettings = {
				ALWAYS_EMBED_SWIFT_STANDARD_LIBRARIES = YES;
				CODE_SIGN_STYLE = Automatic;
				DEVELOPMENT_TEAM = G4L32H6MPG;
				INFOPLIST_FILE = RetailEcoSUITests/Info.plist;
				LD_RUNPATH_SEARCH_PATHS = (
					"$(inherited)",
					"@executable_path/Frameworks",
					"@loader_path/Frameworks",
				);
				PRODUCT_BUNDLE_IDENTIFIER = com.Confluence.RetailEcoS.RetailEcoSUITests;
				PRODUCT_NAME = "$(TARGET_NAME)";
				SWIFT_VERSION = 5.0;
				TARGETED_DEVICE_FAMILY = "1,2";
				TEST_TARGET_NAME = RetailEcoS;
			};
			name = Release;
		};
/* End XCBuildConfiguration section */

/* Begin XCConfigurationList section */
		7607D63F258326E30062F77E /* Build configuration list for PBXProject "RetailEcoS" */ = {
			isa = XCConfigurationList;
			buildConfigurations = (
				7607D66C258326E70062F77E /* Debug */,
				7607D66D258326E70062F77E /* Release */,
			);
			defaultConfigurationIsVisible = 0;
			defaultConfigurationName = Release;
		};
		7607D66E258326E70062F77E /* Build configuration list for PBXNativeTarget "RetailEcoS" */ = {
			isa = XCConfigurationList;
			buildConfigurations = (
				7607D66F258326E70062F77E /* Debug */,
				7607D670258326E70062F77E /* Release */,
			);
			defaultConfigurationIsVisible = 0;
			defaultConfigurationName = Release;
		};
		7607D671258326E70062F77E /* Build configuration list for PBXNativeTarget "RetailEcoSTests" */ = {
			isa = XCConfigurationList;
			buildConfigurations = (
				7607D672258326E70062F77E /* Debug */,
				7607D673258326E70062F77E /* Release */,
			);
			defaultConfigurationIsVisible = 0;
			defaultConfigurationName = Release;
		};
		7607D674258326E70062F77E /* Build configuration list for PBXNativeTarget "RetailEcoSUITests" */ = {
			isa = XCConfigurationList;
			buildConfigurations = (
				7607D675258326E70062F77E /* Debug */,
				7607D676258326E70062F77E /* Release */,
			);
			defaultConfigurationIsVisible = 0;
			defaultConfigurationName = Release;
		};
/* End XCConfigurationList section */

/* Begin XCVersionGroup section */
		05444C6425EA505200ED379C /* RetailModel.xcdatamodeld */ = {
			isa = XCVersionGroup;
			children = (
				05444C6525EA505200ED379C /* RetailModel.xcdatamodel */,
			);
			currentVersion = 05444C6525EA505200ED379C /* RetailModel.xcdatamodel */;
			path = RetailModel.xcdatamodeld;
			sourceTree = "<group>";
			versionGroupType = wrapper.xcdatamodel;
		};
/* End XCVersionGroup section */
	};
	rootObject = 7607D63C258326E30062F77E /* Project object */;
}
